{
  "nodes": {
    "dwl-flake": {
      "inputs": {
        "nixpkgs": [
          "nixpkgs"
        ]
      },
      "locked": {
        "lastModified": 1721860572,
        "narHash": "sha256-Kz+m52D4gQKerC5vapI9KB6BEvEEZv5m8I/3tkoIviQ=",
        "owner": "maxbfuer",
        "repo": "dwl",
        "rev": "e9a500b5442a00cd0bde59d91af580ea5fa8f881",
        "type": "github"
      },
      "original": {
        "owner": "maxbfuer",
        "repo": "dwl",
        "type": "github"
      }
    },
    "home-manager": {
      "inputs": {
        "nixpkgs": [
          "nixpkgs"
        ]
      },
      "locked": {
        "lastModified": 1725703823,
        "narHash": "sha256-tDgM4d8mLK0Hd6YMB2w1BqMto1XBXADOzPEaLl10VI4=",
        "owner": "nix-community",
        "repo": "home-manager",
        "rev": "208df2e558b73b6a1f0faec98493cb59a25f62ba",
        "type": "github"
      },
      "original": {
        "owner": "nix-community",
        "ref": "release-24.05",
        "repo": "home-manager",
        "type": "github"
      }
    },
    "impermanence": {
      "locked": {
        "lastModified": 1715197846,
        "narHash": "sha256-Eq9dQqOXvLq2Wh185NTZ0T6JVguz+6bDs6hxfHdp1ZE=",
        "owner": "Misterio77",
        "repo": "impermanence",
        "rev": "65a12c0542b18fa380c18364c6091088ec09f29b",
        "type": "github"
      },
      "original": {
        "owner": "Misterio77",
        "repo": "impermanence",
        "rev": "65a12c0542b18fa380c18364c6091088ec09f29b",
        "type": "github"
      }
    },
    "nixpkgs": {
      "locked": {
        "lastModified": 1725826545,
        "narHash": "sha256-L64N1rpLlXdc94H+F6scnrbuEu+utC03cDDVvvJGOME=",
        "owner": "NixOS",
        "repo": "nixpkgs",
        "rev": "f4c846aee8e1e29062aa8514d5e0ab270f4ec2f9",
        "type": "github"
      },
      "original": {
        "owner": "NixOS",
        "ref": "nixos-24.05",
        "repo": "nixpkgs",
        "type": "github"
      }
    },
    "nixpkgs-unstable": {
      "locked": {
        "lastModified": 1725634671,
        "narHash": "sha256-v3rIhsJBOMLR8e/RNWxr828tB+WywYIoajrZKFM+0Gg=",
        "owner": "NixOS",
        "repo": "nixpkgs",
        "rev": "574d1eac1c200690e27b8eb4e24887f8df7ac27c",
        "type": "github"
      },
      "original": {
        "owner": "NixOS",
        "ref": "nixos-unstable",
        "repo": "nixpkgs",
        "type": "github"
      }
    },
    "root": {
      "inputs": {
        "dwl-flake": "dwl-flake",
        "home-manager": "home-manager",
        "impermanence": "impermanence",
        "nixpkgs": "nixpkgs",
        "nixpkgs-unstable": "nixpkgs-unstable"
      }
    }
  },
  "root": "root",
  "version": 7
}
