{
  "nodes": {
    "dwl-flake": {
      "inputs": {
        "nixpkgs": [
          "nixpkgs"
        ]
      },
      "locked": {
        "lastModified": 1718161546,
        "narHash": "sha256-OBRq8LQgvgp7GCct7ALpdqrjO6pYtXV1PBYLjemFXtI=",
        "owner": "maxbfuer",
        "repo": "dwl",
        "rev": "d461127f96e9a4bfbdcc060ab550bc83e86fe0f4",
        "type": "github"
      },
      "original": {
        "owner": "maxbfuer",
        "repo": "dwl",
        "type": "github"
      }
    },
    "home-manager": {
      "inputs": {
        "nixpkgs": [
          "nixpkgs"
        ]
      },
      "locked": {
        "lastModified": 1719418488,
        "narHash": "sha256-Hu75KIbGLJA8qe42rO5WkRQ+E+BuzjS42bNEZcy9zT8=",
        "owner": "nix-community",
        "repo": "home-manager",
        "rev": "607f969f5dca2dc100cbc53e24ab49ac24ef8987",
        "type": "github"
      },
      "original": {
        "owner": "nix-community",
        "ref": "master",
        "repo": "home-manager",
        "type": "github"
      }
    },
    "impermanence": {
      "locked": {
        "lastModified": 1715197846,
        "narHash": "sha256-Eq9dQqOXvLq2Wh185NTZ0T6JVguz+6bDs6hxfHdp1ZE=",
        "owner": "Misterio77",
        "repo": "impermanence",
        "rev": "65a12c0542b18fa380c18364c6091088ec09f29b",
        "type": "github"
      },
      "original": {
        "owner": "Misterio77",
        "repo": "impermanence",
        "rev": "65a12c0542b18fa380c18364c6091088ec09f29b",
        "type": "github"
      }
    },
    "nixpkgs": {
      "locked": {
        "lastModified": 1719254875,
        "narHash": "sha256-ECni+IkwXjusHsm9Sexdtq8weAq/yUyt1TWIemXt3Ko=",
        "owner": "NixOS",
        "repo": "nixpkgs",
        "rev": "2893f56de08021cffd9b6b6dfc70fd9ccd51eb60",
        "type": "github"
      },
      "original": {
        "owner": "NixOS",
        "ref": "nixos-unstable",
        "repo": "nixpkgs",
        "type": "github"
      }
    },
    "root": {
      "inputs": {
        "dwl-flake": "dwl-flake",
        "home-manager": "home-manager",
        "impermanence": "impermanence",
        "nixpkgs": "nixpkgs",
        "stable-nixpkgs": "stable-nixpkgs"
      }
    },
    "stable-nixpkgs": {
      "locked": {
        "lastModified": 1719234068,
        "narHash": "sha256-1AjSIedDC/aERt24KsCUftLpVppW61S7awfjGe7bMio=",
        "owner": "NixOS",
        "repo": "nixpkgs",
        "rev": "90bd1b26e23760742fdcb6152369919098f05417",
        "type": "github"
      },
      "original": {
        "owner": "NixOS",
        "ref": "nixos-23.11",
        "repo": "nixpkgs",
        "type": "github"
      }
    }
  },
  "root": "root",
  "version": 7
}
